
Microsoft Visual Studio Solution File, Format Version 12.00
# Visual Studio Version 16
VisualStudioVersion = 16.0.33328.57
MinimumVisualStudioVersion = 10.0.40219.1
Project("{FAE04EC0-301F-11D3-BF4B-00C04F79EFBC}") = "Test_1_PolessUP", "Test_1_PolessUP\Test_1_PolessUP.csproj", "{44FA6871-D499-466C-B46A-62C688B8956B}"
EndProject
Global
	GlobalSection(SolutionConfigurationPlatforms) = preSolution
		Debug|Any CPU = Debug|Any CPU
		Release|Any CPU = Release|Any CPU
	EndGlobalSection
	GlobalSection(ProjectConfigurationPlatforms) = postSolution
		{44FA6871-D499-466C-B46A-62C688B8956B}.Debug|Any CPU.ActiveCfg = Debug|Any CPU
		{44FA6871-D499-466C-B46A-62C688B8956B}.Debug|Any CPU.Build.0 = Debug|Any CPU
		{44FA6871-D499-466C-B46A-62C688B8956B}.Release|Any CPU.ActiveCfg = Release|Any CPU
		{44FA6871-D499-466C-B46A-62C688B8956B}.Release|Any CPU.Build.0 = Release|Any CPU
	EndGlobalSection
	GlobalSection(SolutionProperties) = preSolution
		HideSolutionNode = FALSE
	EndGlobalSection
	GlobalSection(ExtensibilityGlobals) = postSolution
		SolutionGuid = {6FCFA39F-2FD5-4215-B887-24A77C6AB48D}
	EndGlobalSection
EndGlobal
